
Microsoft Visual Studio Solution File, Format Version 12.00
# Visual Studio Version 16
VisualStudioVersion = 16.0.31005.135
MinimumVisualStudioVersion = 10.0.40219.1
Project("{FAE04EC0-301F-11D3-BF4B-00C04F79EFBC}") = "Fine Management System", "Fine Management System\Fine Management System.csproj", "{BC914D3F-70FC-416B-8859-7B7B96CE6216}"
EndProject
Global
	GlobalSection(SolutionConfigurationPlatforms) = preSolution
		Debug|Any CPU = Debug|Any CPU
		Release|Any CPU = Release|Any CPU
	EndGlobalSection
	GlobalSection(ProjectConfigurationPlatforms) = postSolution
		{BC914D3F-70FC-416B-8859-7B7B96CE6216}.Debug|Any CPU.ActiveCfg = Debug|Any CPU
		{BC914D3F-70FC-416B-8859-7B7B96CE6216}.Debug|Any CPU.Build.0 = Debug|Any CPU
		{BC914D3F-70FC-416B-8859-7B7B96CE6216}.Release|Any CPU.ActiveCfg = Release|Any CPU
		{BC914D3F-70FC-416B-8859-7B7B96CE6216}.Release|Any CPU.Build.0 = Release|Any CPU
	EndGlobalSection
	GlobalSection(SolutionProperties) = preSolution
		HideSolutionNode = FALSE
	EndGlobalSection
	GlobalSection(ExtensibilityGlobals) = postSolution
		SolutionGuid = {74897196-25D6-43C5-BE4D-258422B2EE8A}
	EndGlobalSection
EndGlobal
